{
  "lockfileVersion": 1,
  "workspaces": {
    "": {
      "dependencies": {
        "@tanstack/react-form": "^1.25.0",
        "@tanstack/react-query": "^5.90.9",
        "@tanstack/react-query-devtools": "^5.90.2",
        "@tanstack/router": "^0.0.1-beta.53",
        "@tanstack/zod-form-adapter": "^0.42.1",
      },
    },
  },
  "packages": {
    "@babel/runtime": ["@babel/runtime@7.28.4", "", {}, "sha512-Q/N6JNWvIvPnLDvjlE1OUBLPQHH6l3CltCEsHIujp45zQUSSh8K+gHnaEX45yAT1nyngnINhvWtzN+Nb9D8RAQ=="],

    "@tanstack/devtools-event-client": ["@tanstack/devtools-event-client@0.3.5", "", {}, "sha512-RL1f5ZlfZMpghrCIdzl6mLOFLTuhqmPNblZgBaeKfdtk5rfbjykurv+VfYydOFXj0vxVIoA2d/zT7xfD7Ph8fw=="],

    "@tanstack/form-core": ["@tanstack/form-core@1.25.0", "", { "dependencies": { "@tanstack/devtools-event-client": "^0.3.5", "@tanstack/pacer": "^0.15.3", "@tanstack/store": "^0.7.7" } }, "sha512-OEWW2uTOFMyRmHrVEiPOn+J27ekQ/vXwRAJt9kD8U8vCt8CmpClj989OOGGSBSVJtDNxGUcWyKF8gYznnqIyaw=="],

    "@tanstack/pacer": ["@tanstack/pacer@0.15.4", "", { "dependencies": { "@tanstack/devtools-event-client": "^0.3.2", "@tanstack/store": "^0.7.5" } }, "sha512-vGY+CWsFZeac3dELgB6UZ4c7OacwsLb8hvL2gLS6hTgy8Fl0Bm/aLokHaeDIP+q9F9HUZTnp360z9uv78eg8pg=="],

    "@tanstack/query-core": ["@tanstack/query-core@5.90.9", "", {}, "sha512-UFOCQzi6pRGeVTVlPNwNdnAvT35zugcIydqjvFUzG62dvz2iVjElmNp/hJkUoM5eqbUPfSU/GJIr/wbvD8bTUw=="],

    "@tanstack/query-devtools": ["@tanstack/query-devtools@5.90.1", "", {}, "sha512-GtINOPjPUH0OegJExZ70UahT9ykmAhmtNVcmtdnOZbxLwT7R5OmRztR5Ahe3/Cu7LArEmR6/588tAycuaWb1xQ=="],

    "@tanstack/react-form": ["@tanstack/react-form@1.25.0", "", { "dependencies": { "@tanstack/form-core": "1.25.0", "@tanstack/react-store": "^0.7.7" }, "peerDependencies": { "react": "^17.0.0 || ^18.0.0 || ^19.0.0" } }, "sha512-SjKpBkjegNVW9WU+qlO8+/+kSbSEwo2zwHnrQz/yOnnJRhtdgubUt50LfeUtdzkMsbbptQ5MSZrXH03kidQjyw=="],

    "@tanstack/react-query": ["@tanstack/react-query@5.90.9", "", { "dependencies": { "@tanstack/query-core": "5.90.9" }, "peerDependencies": { "react": "^18 || ^19" } }, "sha512-Zke2AaXiaSfnG8jqPZR52m8SsclKT2d9//AgE/QIzyNvbpj/Q2ln+FsZjb1j69bJZUouBvX2tg9PHirkTm8arw=="],

    "@tanstack/react-query-devtools": ["@tanstack/react-query-devtools@5.90.2", "", { "dependencies": { "@tanstack/query-devtools": "5.90.1" }, "peerDependencies": { "@tanstack/react-query": "^5.90.2", "react": "^18 || ^19" } }, "sha512-vAXJzZuBXtCQtrY3F/yUNJCV4obT/A/n81kb3+YqLbro5Z2+phdAbceO+deU3ywPw8B42oyJlp4FhO0SoivDFQ=="],

    "@tanstack/react-store": ["@tanstack/react-store@0.7.7", "", { "dependencies": { "@tanstack/store": "0.7.7", "use-sync-external-store": "^1.5.0" }, "peerDependencies": { "react": "^16.8.0 || ^17.0.0 || ^18.0.0 || ^19.0.0", "react-dom": "^16.8.0 || ^17.0.0 || ^18.0.0 || ^19.0.0" } }, "sha512-qqT0ufegFRDGSof9D/VqaZgjNgp4tRPHZIJq2+QIHkMUtHjaJ0lYrrXjeIUJvjnTbgPfSD1XgOMEt0lmANn6Zg=="],

    "@tanstack/router": ["@tanstack/router@0.0.1-beta.53", "", { "dependencies": { "@babel/runtime": "^7.16.7", "@tanstack/store": "0.0.1-beta.52", "tiny-invariant": "^1.3.1" } }, "sha512-nX1avh939ufOCoXhJ5wihX/ft6sn50ARrj4FAhRYn50KKzo9fXsYSmPyVgqVdW0hJ4n9XXKIMkwwpzEhLQmqrA=="],

    "@tanstack/store": ["@tanstack/store@0.0.1-beta.52", "", { "dependencies": { "immer": "^9.0.15" } }, "sha512-3/5XqeG09sCJnakHpq8qgXjdVpm97aITbi1wfbjLGXdVsss62zpJAvc4vL8ccHf+J/OmoS4dJTNuEZ0alywZtg=="],

    "@tanstack/zod-form-adapter": ["@tanstack/zod-form-adapter@0.42.1", "", { "dependencies": { "@tanstack/form-core": "0.42.1" }, "peerDependencies": { "zod": "^3.x" } }, "sha512-hPRM0lawVKP64yurW4c6KHZH6altMo2MQN14hfi+GMBTKjO9S7bW1x5LPZ5cayoJE3mBvdlahpSGT5rYZtSbXQ=="],

    "immer": ["immer@9.0.21", "", {}, "sha512-bc4NBHqOqSfRW7POMkHd51LvClaeMXpm8dx0e8oE2GORbq5aRK7Bxl4FyzVLdGtLmvLKL7BTDBG5ACQm4HWjTA=="],

    "react": ["react@19.2.0", "", {}, "sha512-tmbWg6W31tQLeB5cdIBOicJDJRR2KzXsV7uSK9iNfLWQ5bIZfxuPEHp7M8wiHyHnn0DD1i7w3Zmin0FtkrwoCQ=="],

    "react-dom": ["react-dom@19.2.0", "", { "dependencies": { "scheduler": "^0.27.0" }, "peerDependencies": { "react": "^19.2.0" } }, "sha512-UlbRu4cAiGaIewkPyiRGJk0imDN2T3JjieT6spoL2UeSf5od4n5LB/mQ4ejmxhCFT1tYe8IvaFulzynWovsEFQ=="],

    "scheduler": ["scheduler@0.27.0", "", {}, "sha512-eNv+WrVbKu1f3vbYJT/xtiF5syA5HPIMtf9IgY/nKg0sWqzAUEvqY/xm7OcZc/qafLx/iO9FgOmeSAp4v5ti/Q=="],

    "tiny-invariant": ["tiny-invariant@1.3.3", "", {}, "sha512-+FbBPE1o9QAYvviau/qC5SE3caw21q3xkvWKBtja5vgqOWIHHJ3ioaq1VPfn/Szqctz2bU/oYeKd9/z5BL+PVg=="],

    "use-sync-external-store": ["use-sync-external-store@1.6.0", "", { "peerDependencies": { "react": "^16.8.0 || ^17.0.0 || ^18.0.0 || ^19.0.0" } }, "sha512-Pp6GSwGP/NrPIrxVFAIkOQeyw8lFenOHijQWkUTrDvrF4ALqylP2C/KCkeS9dpUM3KvYRQhna5vt7IL95+ZQ9w=="],

    "zod": ["zod@3.25.76", "", {}, "sha512-gzUt/qt81nXsFGKIFcC3YnfEAx5NkunCfnDlvuBSSFS02bcXu4Lmea0AFIUwbLWxWPx3d9p8S5QoaujKcNQxcQ=="],

    "@tanstack/form-core/@tanstack/store": ["@tanstack/store@0.7.7", "", {}, "sha512-xa6pTan1bcaqYDS9BDpSiS63qa6EoDkPN9RsRaxHuDdVDNntzq3xNwR5YKTU/V3SkSyC9T4YVOPh2zRQN0nhIQ=="],

    "@tanstack/pacer/@tanstack/store": ["@tanstack/store@0.7.7", "", {}, "sha512-xa6pTan1bcaqYDS9BDpSiS63qa6EoDkPN9RsRaxHuDdVDNntzq3xNwR5YKTU/V3SkSyC9T4YVOPh2zRQN0nhIQ=="],

    "@tanstack/react-store/@tanstack/store": ["@tanstack/store@0.7.7", "", {}, "sha512-xa6pTan1bcaqYDS9BDpSiS63qa6EoDkPN9RsRaxHuDdVDNntzq3xNwR5YKTU/V3SkSyC9T4YVOPh2zRQN0nhIQ=="],

    "@tanstack/zod-form-adapter/@tanstack/form-core": ["@tanstack/form-core@0.42.1", "", { "dependencies": { "@tanstack/store": "^0.7.0" } }, "sha512-jTU0jyHqFceujdtPNv3jPVej1dTqBwa8TYdIyWB5BCwRVUBZEp1PiYEBkC9r92xu5fMpBiKc+JKud3eeVjuMiA=="],

    "@tanstack/zod-form-adapter/@tanstack/form-core/@tanstack/store": ["@tanstack/store@0.7.7", "", {}, "sha512-xa6pTan1bcaqYDS9BDpSiS63qa6EoDkPN9RsRaxHuDdVDNntzq3xNwR5YKTU/V3SkSyC9T4YVOPh2zRQN0nhIQ=="],
  }
}
