{
  "lockfileVersion": 1,
  "workspaces": {
    "": {
      "dependencies": {
        "@tanstack/vue-form": "^1.25.0",
        "@tanstack/vue-query": "^5.91.2",
        "@tanstack/vue-query-devtools": "^6.0.0",
        "@tanstack/zod-form-adapter": "^0.42.1",
        "@vueuse/core": "^14.0.0",
        "class-variance-authority": "^0.7.1",
        "clsx": "^2.1.1",
        "ofetch": "^1.5.1",
        "pinia": "^3.0.4",
        "sonner": "^2.0.7",
        "tailwind-merge": "^3.4.0",
        "tailwindcss-animate": "^1.0.7",
        "vue-router": "^4.6.3",
        "zod": "^4.1.12",
      },
      "devDependencies": {
        "@pinia/testing": "^1.0.3",
        "unplugin-auto-import": "^20.2.0",
      },
    },
  },
  "packages": {
    "@babel/helper-string-parser": ["@babel/helper-string-parser@7.27.1", "", {}, "sha512-qMlSxKbpRlAridDExk92nSobyDdpPijUq2DW6oDnUqd0iOGxmQjyqhMIihI9+zv4LPyZdRje2cavWPbCbWm3eA=="],

    "@babel/helper-validator-identifier": ["@babel/helper-validator-identifier@7.28.5", "", {}, "sha512-qSs4ifwzKJSV39ucNjsvc6WVHs6b7S03sOh2OcHF9UHfVPqWWALUsNUVzhSBiItjRZoLHx7nIarVjqKVusUZ1Q=="],

    "@babel/parser": ["@babel/parser@7.28.5", "", { "dependencies": { "@babel/types": "^7.28.5" }, "bin": "./bin/babel-parser.js" }, "sha512-KKBU1VGYR7ORr3At5HAtUQ+TV3SzRCXmA/8OdDZiLDBIZxVyzXuztPjfLd3BV1PRAQGCMWWSHYhL0F8d5uHBDQ=="],

    "@babel/types": ["@babel/types@7.28.5", "", { "dependencies": { "@babel/helper-string-parser": "^7.27.1", "@babel/helper-validator-identifier": "^7.28.5" } }, "sha512-qQ5m48eI/MFLQ5PxQj4PFaprjyCTLI37ElWMmNs0K8Lk3dVeOdNpB3ks8jc7yM5CDmVC73eMVk/trk3fgmrUpA=="],

    "@jridgewell/gen-mapping": ["@jridgewell/gen-mapping@0.3.13", "", { "dependencies": { "@jridgewell/sourcemap-codec": "^1.5.0", "@jridgewell/trace-mapping": "^0.3.24" } }, "sha512-2kkt/7niJ6MgEPxF0bYdQ6etZaA+fQvDcLKckhy1yIQOzaoKjBBjSj63/aLVjYE3qhRt5dvM+uUyfCg6UKCBbA=="],

    "@jridgewell/remapping": ["@jridgewell/remapping@2.3.5", "", { "dependencies": { "@jridgewell/gen-mapping": "^0.3.5", "@jridgewell/trace-mapping": "^0.3.24" } }, "sha512-LI9u/+laYG4Ds1TDKSJW2YPrIlcVYOwi2fUC6xB43lueCjgxV4lffOCZCtYFiH6TNOX+tQKXx97T4IKHbhyHEQ=="],

    "@jridgewell/resolve-uri": ["@jridgewell/resolve-uri@3.1.2", "", {}, "sha512-bRISgCIjP20/tbWSPWMEi54QVPRZExkuD9lJL+UIxUKtwVJA8wW1Trb1jMs1RFXo1CBTNZ/5hpC9QvmKWdopKw=="],

    "@jridgewell/sourcemap-codec": ["@jridgewell/sourcemap-codec@1.5.5", "", {}, "sha512-cYQ9310grqxueWbl+WuIUIaiUaDcj7WOq5fVhEljNVgRfOUhY9fy2zTvfoqWsnebh8Sl70VScFbICvJnLKB0Og=="],

    "@jridgewell/trace-mapping": ["@jridgewell/trace-mapping@0.3.31", "", { "dependencies": { "@jridgewell/resolve-uri": "^3.1.0", "@jridgewell/sourcemap-codec": "^1.4.14" } }, "sha512-zzNR+SdQSDJzc8joaeP8QQoCQr8NuYx2dIIytl1QeBEZHJ9uW6hebsrYgbz8hJwUQao3TWCMtmfV8Nu1twOLAw=="],

    "@pinia/testing": ["@pinia/testing@1.0.3", "", { "peerDependencies": { "pinia": ">=3.0.4" } }, "sha512-g+qR49GNdI1Z8rZxKrQC3GN+LfnGTNf5Kk8Nz5Cz6mIGva5WRS+ffPXQfzhA0nu6TveWzPNYTjGl4nJqd3Cu9Q=="],

    "@tanstack/devtools-event-client": ["@tanstack/devtools-event-client@0.3.5", "", {}, "sha512-RL1f5ZlfZMpghrCIdzl6mLOFLTuhqmPNblZgBaeKfdtk5rfbjykurv+VfYydOFXj0vxVIoA2d/zT7xfD7Ph8fw=="],

    "@tanstack/form-core": ["@tanstack/form-core@1.25.0", "", { "dependencies": { "@tanstack/devtools-event-client": "^0.3.5", "@tanstack/pacer": "^0.15.3", "@tanstack/store": "^0.7.7" } }, "sha512-OEWW2uTOFMyRmHrVEiPOn+J27ekQ/vXwRAJt9kD8U8vCt8CmpClj989OOGGSBSVJtDNxGUcWyKF8gYznnqIyaw=="],

    "@tanstack/match-sorter-utils": ["@tanstack/match-sorter-utils@8.19.4", "", { "dependencies": { "remove-accents": "0.5.0" } }, "sha512-Wo1iKt2b9OT7d+YGhvEPD3DXvPv2etTusIMhMUoG7fbhmxcXCtIjJDEygy91Y2JFlwGyjqiBPRozme7UD8hoqg=="],

    "@tanstack/pacer": ["@tanstack/pacer@0.15.4", "", { "dependencies": { "@tanstack/devtools-event-client": "^0.3.2", "@tanstack/store": "^0.7.5" } }, "sha512-vGY+CWsFZeac3dELgB6UZ4c7OacwsLb8hvL2gLS6hTgy8Fl0Bm/aLokHaeDIP+q9F9HUZTnp360z9uv78eg8pg=="],

    "@tanstack/query-core": ["@tanstack/query-core@5.90.10", "", {}, "sha512-EhZVFu9rl7GfRNuJLJ3Y7wtbTnENsvzp+YpcAV7kCYiXni1v8qZh++lpw4ch4rrwC0u/EZRnBHIehzCGzwXDSQ=="],

    "@tanstack/query-devtools": ["@tanstack/query-devtools@5.90.1", "", {}, "sha512-GtINOPjPUH0OegJExZ70UahT9ykmAhmtNVcmtdnOZbxLwT7R5OmRztR5Ahe3/Cu7LArEmR6/588tAycuaWb1xQ=="],

    "@tanstack/store": ["@tanstack/store@0.7.7", "", {}, "sha512-xa6pTan1bcaqYDS9BDpSiS63qa6EoDkPN9RsRaxHuDdVDNntzq3xNwR5YKTU/V3SkSyC9T4YVOPh2zRQN0nhIQ=="],

    "@tanstack/vue-form": ["@tanstack/vue-form@1.25.0", "", { "dependencies": { "@tanstack/form-core": "1.25.0", "@tanstack/vue-store": "^0.7.7" }, "peerDependencies": { "vue": "^3.4.0" } }, "sha512-El/0V2NAoUdBIr0ItAxBi2c35DYjdGUWJKD+MxyY7SMJ/6pUTHvVkkae8ZCynYc4nI7AirIyB4lKuHPEKF1XFA=="],

    "@tanstack/vue-query": ["@tanstack/vue-query@5.91.2", "", { "dependencies": { "@tanstack/match-sorter-utils": "^8.19.4", "@tanstack/query-core": "5.90.10", "@vue/devtools-api": "^6.6.3", "vue-demi": "^0.14.10" }, "peerDependencies": { "@vue/composition-api": "^1.1.2", "vue": "^2.6.0 || ^3.3.0" }, "optionalPeers": ["@vue/composition-api"] }, "sha512-ReppmGrVLtiWhwHnhmGJftBbVMf0BrLWtfOk6rQs0qWrhgCei1oUiLsqTCyES/zeZVqaUTmAuUpBrLwQ4DmQTQ=="],

    "@tanstack/vue-query-devtools": ["@tanstack/vue-query-devtools@6.0.0", "", { "dependencies": { "@tanstack/query-devtools": "5.90.1" }, "peerDependencies": { "@tanstack/vue-query": "^5.91.0", "vue": "^3.3.0" } }, "sha512-68ym4x7BMQNrzBJoXWPkc2dbRLautJsU+4gLgKxF0kCWsLH4FevzGjpJ9xqKfT1zFT8yBQob/GZ7smD+M6n4CA=="],

    "@tanstack/vue-store": ["@tanstack/vue-store@0.7.7", "", { "dependencies": { "@tanstack/store": "0.7.7", "vue-demi": "^0.14.10" }, "peerDependencies": { "@vue/composition-api": "^1.2.1", "vue": "^2.5.0 || ^3.0.0" }, "optionalPeers": ["@vue/composition-api"] }, "sha512-6iv1Odmreff6TgEjQN11xoddsCnpn+/ul7MZ2DadHT3/RSY1YdoFafK8lCa889MEFi/5K0zAhf8psIkgTrRa9A=="],

    "@tanstack/zod-form-adapter": ["@tanstack/zod-form-adapter@0.42.1", "", { "dependencies": { "@tanstack/form-core": "0.42.1" }, "peerDependencies": { "zod": "^3.x" } }, "sha512-hPRM0lawVKP64yurW4c6KHZH6altMo2MQN14hfi+GMBTKjO9S7bW1x5LPZ5cayoJE3mBvdlahpSGT5rYZtSbXQ=="],

    "@types/estree": ["@types/estree@1.0.8", "", {}, "sha512-dWHzHa2WqEXI/O1E9OjrocMTKJl2mSrEolh1Iomrv6U+JuNwaHXsXx9bLu5gG7BUWFIN0skIQJQ/L1rIex4X6w=="],

    "@types/web-bluetooth": ["@types/web-bluetooth@0.0.21", "", {}, "sha512-oIQLCGWtcFZy2JW77j9k8nHzAOpqMHLQejDA48XXMWH6tjCQHz5RCFz1bzsmROyL6PUm+LLnUiI4BCn221inxA=="],

    "@vue/compiler-core": ["@vue/compiler-core@3.5.24", "", { "dependencies": { "@babel/parser": "^7.28.5", "@vue/shared": "3.5.24", "entities": "^4.5.0", "estree-walker": "^2.0.2", "source-map-js": "^1.2.1" } }, "sha512-eDl5H57AOpNakGNAkFDH+y7kTqrQpJkZFXhWZQGyx/5Wh7B1uQYvcWkvZi11BDhscPgj8N7XV3oRwiPnx1Vrig=="],

    "@vue/compiler-dom": ["@vue/compiler-dom@3.5.24", "", { "dependencies": { "@vue/compiler-core": "3.5.24", "@vue/shared": "3.5.24" } }, "sha512-1QHGAvs53gXkWdd3ZMGYuvQFXHW4ksKWPG8HP8/2BscrbZ0brw183q2oNWjMrSWImYLHxHrx1ItBQr50I/q2zw=="],

    "@vue/compiler-sfc": ["@vue/compiler-sfc@3.5.24", "", { "dependencies": { "@babel/parser": "^7.28.5", "@vue/compiler-core": "3.5.24", "@vue/compiler-dom": "3.5.24", "@vue/compiler-ssr": "3.5.24", "@vue/shared": "3.5.24", "estree-walker": "^2.0.2", "magic-string": "^0.30.21", "postcss": "^8.5.6", "source-map-js": "^1.2.1" } }, "sha512-8EG5YPRgmTB+YxYBM3VXy8zHD9SWHUJLIGPhDovo3Z8VOgvP+O7UP5vl0J4BBPWYD9vxtBabzW1EuEZ+Cqs14g=="],

    "@vue/compiler-ssr": ["@vue/compiler-ssr@3.5.24", "", { "dependencies": { "@vue/compiler-dom": "3.5.24", "@vue/shared": "3.5.24" } }, "sha512-trOvMWNBMQ/odMRHW7Ae1CdfYx+7MuiQu62Jtu36gMLXcaoqKvAyh+P73sYG9ll+6jLB6QPovqoKGGZROzkFFg=="],

    "@vue/devtools-api": ["@vue/devtools-api@6.6.4", "", {}, "sha512-sGhTPMuXqZ1rVOk32RylztWkfXTRhuS7vgAKv0zjqk8gbsHkJ7xfFf+jbySxt7tWObEJwyKaHMikV/WGDiQm8g=="],

    "@vue/devtools-kit": ["@vue/devtools-kit@7.7.8", "", { "dependencies": { "@vue/devtools-shared": "^7.7.8", "birpc": "^2.3.0", "hookable": "^5.5.3", "mitt": "^3.0.1", "perfect-debounce": "^1.0.0", "speakingurl": "^14.0.1", "superjson": "^2.2.2" } }, "sha512-4Y8op+AoxOJhB9fpcEF6d5vcJXWKgHxC3B0ytUB8zz15KbP9g9WgVzral05xluxi2fOeAy6t140rdQ943GcLRQ=="],

    "@vue/devtools-shared": ["@vue/devtools-shared@7.7.8", "", { "dependencies": { "rfdc": "^1.4.1" } }, "sha512-XHpO3jC5nOgYr40M9p8Z4mmKfTvUxKyRcUnpBAYg11pE78eaRFBKb0kG5yKLroMuJeeNH9LWmKp2zMU5LUc7CA=="],

    "@vue/reactivity": ["@vue/reactivity@3.5.24", "", { "dependencies": { "@vue/shared": "3.5.24" } }, "sha512-BM8kBhtlkkbnyl4q+HiF5R5BL0ycDPfihowulm02q3WYp2vxgPcJuZO866qa/0u3idbMntKEtVNuAUp5bw4teg=="],

    "@vue/runtime-core": ["@vue/runtime-core@3.5.24", "", { "dependencies": { "@vue/reactivity": "3.5.24", "@vue/shared": "3.5.24" } }, "sha512-RYP/byyKDgNIqfX/gNb2PB55dJmM97jc9wyF3jK7QUInYKypK2exmZMNwnjueWwGceEkP6NChd3D2ZVEp9undQ=="],

    "@vue/runtime-dom": ["@vue/runtime-dom@3.5.24", "", { "dependencies": { "@vue/reactivity": "3.5.24", "@vue/runtime-core": "3.5.24", "@vue/shared": "3.5.24", "csstype": "^3.1.3" } }, "sha512-Z8ANhr/i0XIluonHVjbUkjvn+CyrxbXRIxR7wn7+X7xlcb7dJsfITZbkVOeJZdP8VZwfrWRsWdShH6pngMxRjw=="],

    "@vue/server-renderer": ["@vue/server-renderer@3.5.24", "", { "dependencies": { "@vue/compiler-ssr": "3.5.24", "@vue/shared": "3.5.24" }, "peerDependencies": { "vue": "3.5.24" } }, "sha512-Yh2j2Y4G/0/4z/xJ1Bad4mxaAk++C2v4kaa8oSYTMJBJ00/ndPuxCnWeot0/7/qafQFLh5pr6xeV6SdMcE/G1w=="],

    "@vue/shared": ["@vue/shared@3.5.24", "", {}, "sha512-9cwHL2EsJBdi8NY22pngYYWzkTDhld6fAD6jlaeloNGciNSJL6bLpbxVgXl96X00Jtc6YWQv96YA/0sxex/k1A=="],

    "@vueuse/core": ["@vueuse/core@14.0.0", "", { "dependencies": { "@types/web-bluetooth": "^0.0.21", "@vueuse/metadata": "14.0.0", "@vueuse/shared": "14.0.0" }, "peerDependencies": { "vue": "^3.5.0" } }, "sha512-d6tKRWkZE8IQElX2aHBxXOMD478fHIYV+Dzm2y9Ag122ICBpNKtGICiXKOhWU3L1kKdttDD9dCMS4bGP3jhCTQ=="],

    "@vueuse/metadata": ["@vueuse/metadata@14.0.0", "", {}, "sha512-6yoGqbJcMldVCevkFiHDBTB1V5Hq+G/haPlGIuaFZHpXC0HADB0EN1ryQAAceiW+ryS3niUwvdFbGiqHqBrfVA=="],

    "@vueuse/shared": ["@vueuse/shared@14.0.0", "", { "peerDependencies": { "vue": "^3.5.0" } }, "sha512-mTCA0uczBgurRlwVaQHfG0Ja7UdGe4g9mwffiJmvLiTtp1G4AQyIjej6si/k8c8pUwTfVpNufck+23gXptPAkw=="],

    "acorn": ["acorn@8.15.0", "", { "bin": { "acorn": "bin/acorn" } }, "sha512-NZyJarBfL7nWwIq+FDL6Zp/yHEhePMNnnJ0y3qfieCrmNvYct8uvtiV41UvlSe6apAfk0fY1FbWx+NwfmpvtTg=="],

    "birpc": ["birpc@2.8.0", "", {}, "sha512-Bz2a4qD/5GRhiHSwj30c/8kC8QGj12nNDwz3D4ErQ4Xhy35dsSDvF+RA/tWpjyU0pdGtSDiEk6B5fBGE1qNVhw=="],

    "class-variance-authority": ["class-variance-authority@0.7.1", "", { "dependencies": { "clsx": "^2.1.1" } }, "sha512-Ka+9Trutv7G8M6WT6SeiRWz792K5qEqIGEGzXKhAE6xOWAY6pPH8U+9IY3oCMv6kqTmLsv7Xh/2w2RigkePMsg=="],

    "clsx": ["clsx@2.1.1", "", {}, "sha512-eYm0QWBtUrBWZWG0d386OGAw16Z995PiOVo2B7bjWSbHedGl5e0ZWaq65kOGgUSNesEIDkB9ISbTg/JK9dhCZA=="],

    "confbox": ["confbox@0.2.2", "", {}, "sha512-1NB+BKqhtNipMsov4xI/NnhCKp9XG9NamYp5PVm9klAT0fsrNPjaFICsCFhNhwZJKNh7zB/3q8qXz0E9oaMNtQ=="],

    "copy-anything": ["copy-anything@4.0.5", "", { "dependencies": { "is-what": "^5.2.0" } }, "sha512-7Vv6asjS4gMOuILabD3l739tsaxFQmC+a7pLZm02zyvs8p977bL3zEgq3yDk5rn9B0PbYgIv++jmHcuUab4RhA=="],

    "csstype": ["csstype@3.2.3", "", {}, "sha512-z1HGKcYy2xA8AGQfwrn0PAy+PB7X/GSj3UVJW9qKyn43xWa+gl5nXmU4qqLMRzWVLFC8KusUX8T/0kCiOYpAIQ=="],

    "destr": ["destr@2.0.5", "", {}, "sha512-ugFTXCtDZunbzasqBxrK93Ik/DRYsO6S/fedkWEMKqt04xZ4csmnmwGDBAb07QWNaGMAmnTIemsYZCksjATwsA=="],

    "entities": ["entities@4.5.0", "", {}, "sha512-V0hjH4dGPh9Ao5p0MoRY6BVqtwCjhz6vI5LT8AJ55H+4g9/4vbHx1I54fS0XuclLhDHArPQCiMjDxjaL8fPxhw=="],

    "escape-string-regexp": ["escape-string-regexp@5.0.0", "", {}, "sha512-/veY75JbMK4j1yjvuUxuVsiS/hr/4iHs9FTT6cgTexxdE0Ly/glccBAkloH/DofkjRbZU3bnoj38mOmhkZ0lHw=="],

    "estree-walker": ["estree-walker@3.0.3", "", { "dependencies": { "@types/estree": "^1.0.0" } }, "sha512-7RUKfXgSMMkzt6ZuXmqapOurLGPPfgj6l9uRZ7lRGolvk0y2yocc35LdcxKC5PQZdn2DMqioAQ2NoWcrTKmm6g=="],

    "exsolve": ["exsolve@1.0.8", "", {}, "sha512-LmDxfWXwcTArk8fUEnOfSZpHOJ6zOMUJKOtFLFqJLoKJetuQG874Uc7/Kki7zFLzYybmZhp1M7+98pfMqeX8yA=="],

    "fdir": ["fdir@6.5.0", "", { "peerDependencies": { "picomatch": "^3 || ^4" }, "optionalPeers": ["picomatch"] }, "sha512-tIbYtZbucOs0BRGqPJkshJUYdL+SDH7dVM8gjy+ERp3WAUjLEFJE+02kanyHtwjWOnwrKYBiwAmM0p4kLJAnXg=="],

    "hookable": ["hookable@5.5.3", "", {}, "sha512-Yc+BQe8SvoXH1643Qez1zqLRmbA5rCL+sSmk6TVos0LWVfNIB7PGncdlId77WzLGSIB5KaWgTaNTs2lNVEI6VQ=="],

    "is-what": ["is-what@5.5.0", "", {}, "sha512-oG7cgbmg5kLYae2N5IVd3jm2s+vldjxJzK1pcu9LfpGuQ93MQSzo0okvRna+7y5ifrD+20FE8FvjusyGaz14fw=="],

    "js-tokens": ["js-tokens@9.0.1", "", {}, "sha512-mxa9E9ITFOt0ban3j6L5MpjwegGz6lBQmM1IJkWeBZGcMxto50+eWdjC/52xDbS2vy0k7vIMK0Fe2wfL9OQSpQ=="],

    "local-pkg": ["local-pkg@1.1.2", "", { "dependencies": { "mlly": "^1.7.4", "pkg-types": "^2.3.0", "quansync": "^0.2.11" } }, "sha512-arhlxbFRmoQHl33a0Zkle/YWlmNwoyt6QNZEIJcqNbdrsix5Lvc4HyyI3EnwxTYlZYc32EbYrQ8SzEZ7dqgg9A=="],

    "magic-string": ["magic-string@0.30.21", "", { "dependencies": { "@jridgewell/sourcemap-codec": "^1.5.5" } }, "sha512-vd2F4YUyEXKGcLHoq+TEyCjxueSeHnFxyyjNp80yg0XV4vUhnDer/lvvlqM/arB5bXQN5K2/3oinyCRyx8T2CQ=="],

    "mitt": ["mitt@3.0.1", "", {}, "sha512-vKivATfr97l2/QBCYAkXYDbrIWPM2IIKEl7YPhjCvKlG3kE2gm+uBo6nEXK3M5/Ffh/FLpKExzOQ3JJoJGFKBw=="],

    "mlly": ["mlly@1.8.0", "", { "dependencies": { "acorn": "^8.15.0", "pathe": "^2.0.3", "pkg-types": "^1.3.1", "ufo": "^1.6.1" } }, "sha512-l8D9ODSRWLe2KHJSifWGwBqpTZXIXTeo8mlKjY+E2HAakaTeNpqAyBZ8GSqLzHgw4XmHmC8whvpjJNMbFZN7/g=="],

    "nanoid": ["nanoid@3.3.11", "", { "bin": { "nanoid": "bin/nanoid.cjs" } }, "sha512-N8SpfPUnUp1bK+PMYW8qSWdl9U+wwNWI4QKxOYDy9JAro3WMX7p2OeVRF9v+347pnakNevPmiHhNmZ2HbFA76w=="],

    "node-fetch-native": ["node-fetch-native@1.6.7", "", {}, "sha512-g9yhqoedzIUm0nTnTqAQvueMPVOuIY16bqgAJJC8XOOubYFNwz6IER9qs0Gq2Xd0+CecCKFjtdDTMA4u4xG06Q=="],

    "ofetch": ["ofetch@1.5.1", "", { "dependencies": { "destr": "^2.0.5", "node-fetch-native": "^1.6.7", "ufo": "^1.6.1" } }, "sha512-2W4oUZlVaqAPAil6FUg/difl6YhqhUR7x2eZY4bQCko22UXg3hptq9KLQdqFClV+Wu85UX7hNtdGTngi/1BxcA=="],

    "pathe": ["pathe@2.0.3", "", {}, "sha512-WUjGcAqP1gQacoQe+OBJsFA7Ld4DyXuUIjZ5cc75cLHvJ7dtNsTugphxIADwspS+AraAUePCKrSVtPLFj/F88w=="],

    "perfect-debounce": ["perfect-debounce@1.0.0", "", {}, "sha512-xCy9V055GLEqoFaHoC1SoLIaLmWctgCUaBaWxDZ7/Zx4CTyX7cJQLJOok/orfjZAh9kEYpjJa4d0KcJmCbctZA=="],

    "picocolors": ["picocolors@1.1.1", "", {}, "sha512-xceH2snhtb5M9liqDsmEw56le376mTZkEX/jEb/RxNFyegNul7eNslCXP9FDj/Lcu0X8KEyMceP2ntpaHrDEVA=="],

    "picomatch": ["picomatch@4.0.3", "", {}, "sha512-5gTmgEY/sqK6gFXLIsQNH19lWb4ebPDLA4SdLP7dsWkIXHWlG66oPuVvXSGFPppYZz8ZDZq0dYYrbHfBCVUb1Q=="],

    "pinia": ["pinia@3.0.4", "", { "dependencies": { "@vue/devtools-api": "^7.7.7" }, "peerDependencies": { "typescript": ">=4.5.0", "vue": "^3.5.11" }, "optionalPeers": ["typescript"] }, "sha512-l7pqLUFTI/+ESXn6k3nu30ZIzW5E2WZF/LaHJEpoq6ElcLD+wduZoB2kBN19du6K/4FDpPMazY2wJr+IndBtQw=="],

    "pkg-types": ["pkg-types@2.3.0", "", { "dependencies": { "confbox": "^0.2.2", "exsolve": "^1.0.7", "pathe": "^2.0.3" } }, "sha512-SIqCzDRg0s9npO5XQ3tNZioRY1uK06lA41ynBC1YmFTmnY6FjUjVt6s4LoADmwoig1qqD0oK8h1p/8mlMx8Oig=="],

    "postcss": ["postcss@8.5.6", "", { "dependencies": { "nanoid": "^3.3.11", "picocolors": "^1.1.1", "source-map-js": "^1.2.1" } }, "sha512-3Ybi1tAuwAP9s0r1UQ2J4n5Y0G05bJkpUIO0/bI9MhwmD70S5aTWbXGBwxHrelT+XM1k6dM0pk+SwNkpTRN7Pg=="],

    "quansync": ["quansync@0.2.11", "", {}, "sha512-AifT7QEbW9Nri4tAwR5M/uzpBuqfZf+zwaEM/QkzEjj7NBuFD2rBuy0K3dE+8wltbezDV7JMA0WfnCPYRSYbXA=="],

    "react": ["react@19.2.0", "", {}, "sha512-tmbWg6W31tQLeB5cdIBOicJDJRR2KzXsV7uSK9iNfLWQ5bIZfxuPEHp7M8wiHyHnn0DD1i7w3Zmin0FtkrwoCQ=="],

    "react-dom": ["react-dom@19.2.0", "", { "dependencies": { "scheduler": "^0.27.0" }, "peerDependencies": { "react": "^19.2.0" } }, "sha512-UlbRu4cAiGaIewkPyiRGJk0imDN2T3JjieT6spoL2UeSf5od4n5LB/mQ4ejmxhCFT1tYe8IvaFulzynWovsEFQ=="],

    "remove-accents": ["remove-accents@0.5.0", "", {}, "sha512-8g3/Otx1eJaVD12e31UbJj1YzdtVvzH85HV7t+9MJYk/u3XmkOUJ5Ys9wQrf9PCPK8+xn4ymzqYCiZl6QWKn+A=="],

    "rfdc": ["rfdc@1.4.1", "", {}, "sha512-q1b3N5QkRUWUl7iyylaaj3kOpIT0N2i9MqIEQXP73GVsN9cw3fdx8X63cEmWhJGi2PPCF23Ijp7ktmd39rawIA=="],

    "scheduler": ["scheduler@0.27.0", "", {}, "sha512-eNv+WrVbKu1f3vbYJT/xtiF5syA5HPIMtf9IgY/nKg0sWqzAUEvqY/xm7OcZc/qafLx/iO9FgOmeSAp4v5ti/Q=="],

    "scule": ["scule@1.3.0", "", {}, "sha512-6FtHJEvt+pVMIB9IBY+IcCJ6Z5f1iQnytgyfKMhDKgmzYG+TeH/wx1y3l27rshSbLiSanrR9ffZDrEsmjlQF2g=="],

    "sonner": ["sonner@2.0.7", "", { "peerDependencies": { "react": "^18.0.0 || ^19.0.0 || ^19.0.0-rc", "react-dom": "^18.0.0 || ^19.0.0 || ^19.0.0-rc" } }, "sha512-W6ZN4p58k8aDKA4XPcx2hpIQXBRAgyiWVkYhT7CvK6D3iAu7xjvVyhQHg2/iaKJZ1XVJ4r7XuwGL+WGEK37i9w=="],

    "source-map-js": ["source-map-js@1.2.1", "", {}, "sha512-UXWMKhLOwVKb728IUtQPXxfYU+usdybtUrK/8uGE8CQMvrhOpwvzDBwj0QhSL7MQc7vIsISBG8VQ8+IDQxpfQA=="],

    "speakingurl": ["speakingurl@14.0.1", "", {}, "sha512-1POYv7uv2gXoyGFpBCmpDVSNV74IfsWlDW216UPjbWufNf+bSU6GdbDsxdcxtfwb4xlI3yxzOTKClUosxARYrQ=="],

    "strip-literal": ["strip-literal@3.1.0", "", { "dependencies": { "js-tokens": "^9.0.1" } }, "sha512-8r3mkIM/2+PpjHoOtiAW8Rg3jJLHaV7xPwG+YRGrv6FP0wwk/toTpATxWYOW0BKdWwl82VT2tFYi5DlROa0Mxg=="],

    "superjson": ["superjson@2.2.5", "", { "dependencies": { "copy-anything": "^4" } }, "sha512-zWPTX96LVsA/eVYnqOM2+ofcdPqdS1dAF1LN4TS2/MWuUpfitd9ctTa87wt4xrYnZnkLtS69xpBdSxVBP5Rm6w=="],

    "tailwind-merge": ["tailwind-merge@3.4.0", "", {}, "sha512-uSaO4gnW+b3Y2aWoWfFpX62vn2sR3skfhbjsEnaBI81WD1wBLlHZe5sWf0AqjksNdYTbGBEd0UasQMT3SNV15g=="],

    "tailwindcss": ["tailwindcss@4.1.17", "", {}, "sha512-j9Ee2YjuQqYT9bbRTfTZht9W/ytp5H+jJpZKiYdP/bpnXARAuELt9ofP0lPnmHjbga7SNQIxdTAXCmtKVYjN+Q=="],

    "tailwindcss-animate": ["tailwindcss-animate@1.0.7", "", { "peerDependencies": { "tailwindcss": ">=3.0.0 || insiders" } }, "sha512-bl6mpH3T7I3UFxuvDEXLxy/VuFxBk5bbzplh7tXI68mwMokNYd1t9qPBHlnyTwfa4JGC4zP516I1hYYtQ/vspA=="],

    "tinyglobby": ["tinyglobby@0.2.15", "", { "dependencies": { "fdir": "^6.5.0", "picomatch": "^4.0.3" } }, "sha512-j2Zq4NyQYG5XMST4cbs02Ak8iJUdxRM0XI5QyxXuZOzKOINmWurp3smXu3y5wDcJrptwpSjgXHzIQxR0omXljQ=="],

    "ufo": ["ufo@1.6.1", "", {}, "sha512-9a4/uxlTWJ4+a5i0ooc1rU7C7YOw3wT+UGqdeNNHWnOF9qcMBgLRS+4IYUqbczewFx4mLEig6gawh7X6mFlEkA=="],

    "unimport": ["unimport@5.5.0", "", { "dependencies": { "acorn": "^8.15.0", "escape-string-regexp": "^5.0.0", "estree-walker": "^3.0.3", "local-pkg": "^1.1.2", "magic-string": "^0.30.19", "mlly": "^1.8.0", "pathe": "^2.0.3", "picomatch": "^4.0.3", "pkg-types": "^2.3.0", "scule": "^1.3.0", "strip-literal": "^3.1.0", "tinyglobby": "^0.2.15", "unplugin": "^2.3.10", "unplugin-utils": "^0.3.0" } }, "sha512-/JpWMG9s1nBSlXJAQ8EREFTFy3oy6USFd8T6AoBaw1q2GGcF4R9yp3ofg32UODZlYEO5VD0EWE1RpI9XDWyPYg=="],

    "unplugin": ["unplugin@2.3.10", "", { "dependencies": { "@jridgewell/remapping": "^2.3.5", "acorn": "^8.15.0", "picomatch": "^4.0.3", "webpack-virtual-modules": "^0.6.2" } }, "sha512-6NCPkv1ClwH+/BGE9QeoTIl09nuiAt0gS28nn1PvYXsGKRwM2TCbFA2QiilmehPDTXIe684k4rZI1yl3A1PCUw=="],

    "unplugin-auto-import": ["unplugin-auto-import@20.2.0", "", { "dependencies": { "local-pkg": "^1.1.2", "magic-string": "^0.30.19", "picomatch": "^4.0.3", "unimport": "^5.4.0", "unplugin": "^2.3.10", "unplugin-utils": "^0.3.0" }, "peerDependencies": { "@nuxt/kit": "^4.0.0", "@vueuse/core": "*" }, "optionalPeers": ["@nuxt/kit", "@vueuse/core"] }, "sha512-vfBI/SvD9hJqYNinipVOAj5n8dS8DJXFlCKFR5iLDp2SaQwsfdnfLXgZ+34Kd3YY3YEY9omk8XQg0bwos3Q8ug=="],

    "unplugin-utils": ["unplugin-utils@0.3.1", "", { "dependencies": { "pathe": "^2.0.3", "picomatch": "^4.0.3" } }, "sha512-5lWVjgi6vuHhJ526bI4nlCOmkCIF3nnfXkCMDeMJrtdvxTs6ZFCM8oNufGTsDbKv/tJ/xj8RpvXjRuPBZJuJog=="],

    "vue": ["vue@3.5.24", "", { "dependencies": { "@vue/compiler-dom": "3.5.24", "@vue/compiler-sfc": "3.5.24", "@vue/runtime-dom": "3.5.24", "@vue/server-renderer": "3.5.24", "@vue/shared": "3.5.24" }, "peerDependencies": { "typescript": "*" }, "optionalPeers": ["typescript"] }, "sha512-uTHDOpVQTMjcGgrqFPSb8iO2m1DUvo+WbGqoXQz8Y1CeBYQ0FXf2z1gLRaBtHjlRz7zZUBHxjVB5VTLzYkvftg=="],

    "vue-demi": ["vue-demi@0.14.10", "", { "peerDependencies": { "@vue/composition-api": "^1.0.0-rc.1", "vue": "^3.0.0-0 || ^2.6.0" }, "optionalPeers": ["@vue/composition-api"], "bin": { "vue-demi-fix": "bin/vue-demi-fix.js", "vue-demi-switch": "bin/vue-demi-switch.js" } }, "sha512-nMZBOwuzabUO0nLgIcc6rycZEebF6eeUfaiQx9+WSk8e29IbLvPU9feI6tqW4kTo3hvoYAJkMh8n8D0fuISphg=="],

    "vue-router": ["vue-router@4.6.3", "", { "dependencies": { "@vue/devtools-api": "^6.6.4" }, "peerDependencies": { "vue": "^3.5.0" } }, "sha512-ARBedLm9YlbvQomnmq91Os7ck6efydTSpRP3nuOKCvgJOHNrhRoJDSKtee8kcL1Vf7nz6U+PMBL+hTvR3bTVQg=="],

    "webpack-virtual-modules": ["webpack-virtual-modules@0.6.2", "", {}, "sha512-66/V2i5hQanC51vBQKPH4aI8NMAcBW59FVBs+rC7eGHupMyfn34q7rZIE+ETlJ+XTevqfUhVVBgSUNSW2flEUQ=="],

    "zod": ["zod@4.1.12", "", {}, "sha512-JInaHOamG8pt5+Ey8kGmdcAcg3OL9reK8ltczgHTAwNhMys/6ThXHityHxVV2p3fkw/c+MAvBHFVYHFZDmjMCQ=="],

    "@tanstack/zod-form-adapter/@tanstack/form-core": ["@tanstack/form-core@0.42.1", "", { "dependencies": { "@tanstack/store": "^0.7.0" } }, "sha512-jTU0jyHqFceujdtPNv3jPVej1dTqBwa8TYdIyWB5BCwRVUBZEp1PiYEBkC9r92xu5fMpBiKc+JKud3eeVjuMiA=="],

    "@vue/compiler-core/estree-walker": ["estree-walker@2.0.2", "", {}, "sha512-Rfkk/Mp/DL7JVje3u18FxFujQlTNR2q6QfMSMB7AvCBx91NGj/ba3kCfza0f6dVDbw7YlRf/nDrn7pQrCCyQ/w=="],

    "@vue/compiler-sfc/estree-walker": ["estree-walker@2.0.2", "", {}, "sha512-Rfkk/Mp/DL7JVje3u18FxFujQlTNR2q6QfMSMB7AvCBx91NGj/ba3kCfza0f6dVDbw7YlRf/nDrn7pQrCCyQ/w=="],

    "mlly/pkg-types": ["pkg-types@1.3.1", "", { "dependencies": { "confbox": "^0.1.8", "mlly": "^1.7.4", "pathe": "^2.0.1" } }, "sha512-/Jm5M4RvtBFVkKWRu2BLUTNP8/M2a+UwuAX+ae4770q1qVGtfjG+WTCupoZixokjmHiry8uI+dlY8KXYV5HVVQ=="],

    "pinia/@vue/devtools-api": ["@vue/devtools-api@7.7.8", "", { "dependencies": { "@vue/devtools-kit": "^7.7.8" } }, "sha512-BtFcAmDbtXGwurWUFf8ogIbgZyR+rcVES1TSNEI8Em80fD8Anu+qTRN1Fc3J6vdRHlVM3fzPV1qIo+B4AiqGzw=="],

    "mlly/pkg-types/confbox": ["confbox@0.1.8", "", {}, "sha512-RMtmw0iFkeR4YV+fUOSucriAQNb9g8zFR52MWCtl+cCZOFRNL6zeB395vPzFhEjjn4fMxXudmELnl/KF/WrK6w=="],
  }
}
